
Microsoft Visual Studio Solution File, Format Version 12.00
# Visual Studio 15
Project("{FAE04EC0-301F-11D3-BF4B-00C04F79EFBC}") = "Assembly-CSharp", "Assembly-CSharp.csproj", "{E55EB172-B271-B67B-9E8D-9A6A3E5CF5A9}"
EndProject
Project("{FAE04EC0-301F-11D3-BF4B-00C04F79EFBC}") = "Assembly-CSharp-firstpass", "Assembly-CSharp-firstpass.csproj", "{DDA91D84-8EAC-ADEB-ABC7-45AC7FA7ED2B}"
EndProject
Project("{FAE04EC0-301F-11D3-BF4B-00C04F79EFBC}") = "Assembly-CSharp-Editor-firstpass", "Assembly-CSharp-Editor-firstpass.csproj", "{ACDD2CE9-A256-67F1-49E8-2E2E49D49C74}"
EndProject
Global
	GlobalSection(SolutionConfigurationPlatforms) = preSolution
		Debug|Any CPU = Debug|Any CPU
		Release|Any CPU = Release|Any CPU
	EndGlobalSection
	GlobalSection(ProjectConfigurationPlatforms) = postSolution
		{E55EB172-B271-B67B-9E8D-9A6A3E5CF5A9}.Debug|Any CPU.ActiveCfg = Debug|Any CPU
		{E55EB172-B271-B67B-9E8D-9A6A3E5CF5A9}.Debug|Any CPU.Build.0 = Debug|Any CPU
		{E55EB172-B271-B67B-9E8D-9A6A3E5CF5A9}.Release|Any CPU.ActiveCfg = Release|Any CPU
		{E55EB172-B271-B67B-9E8D-9A6A3E5CF5A9}.Release|Any CPU.Build.0 = Release|Any CPU
		{DDA91D84-8EAC-ADEB-ABC7-45AC7FA7ED2B}.Debug|Any CPU.ActiveCfg = Debug|Any CPU
		{DDA91D84-8EAC-ADEB-ABC7-45AC7FA7ED2B}.Debug|Any CPU.Build.0 = Debug|Any CPU
		{DDA91D84-8EAC-ADEB-ABC7-45AC7FA7ED2B}.Release|Any CPU.ActiveCfg = Release|Any CPU
		{DDA91D84-8EAC-ADEB-ABC7-45AC7FA7ED2B}.Release|Any CPU.Build.0 = Release|Any CPU
		{ACDD2CE9-A256-67F1-49E8-2E2E49D49C74}.Debug|Any CPU.ActiveCfg = Debug|Any CPU
		{ACDD2CE9-A256-67F1-49E8-2E2E49D49C74}.Debug|Any CPU.Build.0 = Debug|Any CPU
		{ACDD2CE9-A256-67F1-49E8-2E2E49D49C74}.Release|Any CPU.ActiveCfg = Release|Any CPU
		{ACDD2CE9-A256-67F1-49E8-2E2E49D49C74}.Release|Any CPU.Build.0 = Release|Any CPU
	EndGlobalSection
	GlobalSection(SolutionProperties) = preSolution
		HideSolutionNode = FALSE
	EndGlobalSection
EndGlobal
